
Microsoft Visual Studio Solution File, Format Version 12.00
# Visual Studio Version 17
VisualStudioVersion = 17.6.33829.357
MinimumVisualStudioVersion = 10.0.40219.1
Project("{FAE04EC0-301F-11D3-BF4B-00C04F79EFBC}") = "Weather-Monitoring", "Weather-Monitoring.csproj", "{3CECD658-D2D7-4F93-90CD-5C896C982A30}"
EndProject
Global
	GlobalSection(SolutionConfigurationPlatforms) = preSolution
		Debug|Any CPU = Debug|Any CPU
		Release|Any CPU = Release|Any CPU
	EndGlobalSection
	GlobalSection(ProjectConfigurationPlatforms) = postSolution
		{3CECD658-D2D7-4F93-90CD-5C896C982A30}.Debug|Any CPU.ActiveCfg = Debug|Any CPU
		{3CECD658-D2D7-4F93-90CD-5C896C982A30}.Debug|Any CPU.Build.0 = Debug|Any CPU
		{3CECD658-D2D7-4F93-90CD-5C896C982A30}.Release|Any CPU.ActiveCfg = Release|Any CPU
		{3CECD658-D2D7-4F93-90CD-5C896C982A30}.Release|Any CPU.Build.0 = Release|Any CPU
	EndGlobalSection
	GlobalSection(SolutionProperties) = preSolution
		HideSolutionNode = FALSE
	EndGlobalSection
	GlobalSection(ExtensibilityGlobals) = postSolution
		SolutionGuid = {D8FE639D-9084-4CBE-8C4B-DD7BD6D8F840}
	EndGlobalSection
EndGlobal
